
Microsoft Visual Studio Solution File, Format Version 12.00
# Visual Studio Version 17
VisualStudioVersion = 17.2.32630.192
MinimumVisualStudioVersion = 10.0.40219.1
Project("{FAE04EC0-301F-11D3-BF4B-00C04F79EFBC}") = "AspNetCore", "AspNetCore\AspNetCore.csproj", "{35194DD1-9AED-4CF9-9AB5-5C40E0E7BD4B}"
EndProject
Global
	GlobalSection(SolutionConfigurationPlatforms) = preSolution
		Debug|Any CPU = Debug|Any CPU
		Release|Any CPU = Release|Any CPU
	EndGlobalSection
	GlobalSection(ProjectConfigurationPlatforms) = postSolution
		{35194DD1-9AED-4CF9-9AB5-5C40E0E7BD4B}.Debug|Any CPU.ActiveCfg = Debug|Any CPU
		{35194DD1-9AED-4CF9-9AB5-5C40E0E7BD4B}.Debug|Any CPU.Build.0 = Debug|Any CPU
		{35194DD1-9AED-4CF9-9AB5-5C40E0E7BD4B}.Release|Any CPU.ActiveCfg = Release|Any CPU
		{35194DD1-9AED-4CF9-9AB5-5C40E0E7BD4B}.Release|Any CPU.Build.0 = Release|Any CPU
	EndGlobalSection
	GlobalSection(SolutionProperties) = preSolution
		HideSolutionNode = FALSE
	EndGlobalSection
	GlobalSection(ExtensibilityGlobals) = postSolution
		SolutionGuid = {9FF6EA83-9252-44BF-8D31-E14BF13C3A8B}
	EndGlobalSection
EndGlobal
